
Microsoft Visual Studio Solution File, Format Version 12.00
# Visual Studio 15
VisualStudioVersion = 15.0.28307.645
MinimumVisualStudioVersion = 10.0.40219.1
Project("{8BC9CEB8-8B4A-11D0-8D11-00A0C91BC942}") = "RB_Tree", "RB_Tree\RB_Tree.vcxproj", "{596AF296-BF01-4794-9F01-918C962D17D1}"
EndProject
Global
	GlobalSection(SolutionConfigurationPlatforms) = preSolution
		Debug|x64 = Debug|x64
		Debug|x86 = Debug|x86
		Release|x64 = Release|x64
		Release|x86 = Release|x86
	EndGlobalSection
	GlobalSection(ProjectConfigurationPlatforms) = postSolution
		{596AF296-BF01-4794-9F01-918C962D17D1}.Debug|x64.ActiveCfg = Debug|x64
		{596AF296-BF01-4794-9F01-918C962D17D1}.Debug|x64.Build.0 = Debug|x64
		{596AF296-BF01-4794-9F01-918C962D17D1}.Debug|x86.ActiveCfg = Debug|Win32
		{596AF296-BF01-4794-9F01-918C962D17D1}.Debug|x86.Build.0 = Debug|Win32
		{596AF296-BF01-4794-9F01-918C962D17D1}.Release|x64.ActiveCfg = Release|x64
		{596AF296-BF01-4794-9F01-918C962D17D1}.Release|x64.Build.0 = Release|x64
		{596AF296-BF01-4794-9F01-918C962D17D1}.Release|x86.ActiveCfg = Release|Win32
		{596AF296-BF01-4794-9F01-918C962D17D1}.Release|x86.Build.0 = Release|Win32
	EndGlobalSection
	GlobalSection(SolutionProperties) = preSolution
		HideSolutionNode = FALSE
	EndGlobalSection
	GlobalSection(ExtensibilityGlobals) = postSolution
		SolutionGuid = {5481D169-C516-4181-AFA1-E31B8211902D}
	EndGlobalSection
EndGlobal
